
Microsoft Visual Studio Solution File, Format Version 12.00
# Visual Studio Version 17
VisualStudioVersion = 17.3.32819.101
MinimumVisualStudioVersion = 10.0.40219.1
Project("{FAE04EC0-301F-11D3-BF4B-00C04F79EFBC}") = "KlinikaPlusWeb", "KlinikaPlusWeb\KlinikaPlusWeb.csproj", "{EEEC278E-DFBA-46D5-AD06-9FF324D25EAD}"
EndProject
Global
	GlobalSection(SolutionConfigurationPlatforms) = preSolution
		Debug|Any CPU = Debug|Any CPU
		Release|Any CPU = Release|Any CPU
	EndGlobalSection
	GlobalSection(ProjectConfigurationPlatforms) = postSolution
		{EEEC278E-DFBA-46D5-AD06-9FF324D25EAD}.Debug|Any CPU.ActiveCfg = Debug|Any CPU
		{EEEC278E-DFBA-46D5-AD06-9FF324D25EAD}.Debug|Any CPU.Build.0 = Debug|Any CPU
		{EEEC278E-DFBA-46D5-AD06-9FF324D25EAD}.Release|Any CPU.ActiveCfg = Release|Any CPU
		{EEEC278E-DFBA-46D5-AD06-9FF324D25EAD}.Release|Any CPU.Build.0 = Release|Any CPU
	EndGlobalSection
	GlobalSection(SolutionProperties) = preSolution
		HideSolutionNode = FALSE
	EndGlobalSection
	GlobalSection(ExtensibilityGlobals) = postSolution
		SolutionGuid = {B9F9515A-F032-4CCB-8D0D-3F6609853DE1}
	EndGlobalSection
EndGlobal
